
Microsoft Visual Studio Solution File, Format Version 12.00
# Visual Studio Version 17
VisualStudioVersion = 17.5.33424.131
MinimumVisualStudioVersion = 10.0.40219.1
Project("{FAE04EC0-301F-11D3-BF4B-00C04F79EFBC}") = "Unzip_Unlink", "Unzip_Unlink\Unzip_Unlink.csproj", "{003BABF3-393E-49EC-83BE-2505D36B8237}"
EndProject
Project("{FAE04EC0-301F-11D3-BF4B-00C04F79EFBC}") = "NewFrameOfReferenceClass", "NewFrameOfReferenceClass\NewFrameOfReferenceClass.csproj", "{FE7974DF-76E9-47BE-BDF0-005F65C8DB2E}"
EndProject
Project("{FAE04EC0-301F-11D3-BF4B-00C04F79EFBC}") = "FolderWatcher", "FolderWatcher\FolderWatcher.csproj", "{3333F675-189E-41A1-AF26-958D893EE9C8}"
EndProject
Project("{FAE04EC0-301F-11D3-BF4B-00C04F79EFBC}") = "UnzipClass", "UnzipClass\UnzipClass.csproj", "{F54380B6-0C93-4AEF-8497-F3354808C1FB}"
EndProject
Project("{FAE04EC0-301F-11D3-BF4B-00C04F79EFBC}") = "UnzipUnlinkGUI", "GUI\UnzipUnlinkGUI.csproj", "{4FDBFE73-AE82-470F-ABF6-05B181CC7E4A}"
EndProject
Global
	GlobalSection(SolutionConfigurationPlatforms) = preSolution
		Debug|Any CPU = Debug|Any CPU
		Debug|x64 = Debug|x64
		Release|Any CPU = Release|Any CPU
		Release|x64 = Release|x64
	EndGlobalSection
	GlobalSection(ProjectConfigurationPlatforms) = postSolution
		{003BABF3-393E-49EC-83BE-2505D36B8237}.Debug|Any CPU.ActiveCfg = Debug|Any CPU
		{003BABF3-393E-49EC-83BE-2505D36B8237}.Debug|Any CPU.Build.0 = Debug|Any CPU
		{003BABF3-393E-49EC-83BE-2505D36B8237}.Debug|x64.ActiveCfg = Debug|x64
		{003BABF3-393E-49EC-83BE-2505D36B8237}.Debug|x64.Build.0 = Debug|x64
		{003BABF3-393E-49EC-83BE-2505D36B8237}.Release|Any CPU.ActiveCfg = Release|Any CPU
		{003BABF3-393E-49EC-83BE-2505D36B8237}.Release|Any CPU.Build.0 = Release|Any CPU
		{003BABF3-393E-49EC-83BE-2505D36B8237}.Release|x64.ActiveCfg = Release|x64
		{003BABF3-393E-49EC-83BE-2505D36B8237}.Release|x64.Build.0 = Release|x64
		{FE7974DF-76E9-47BE-BDF0-005F65C8DB2E}.Debug|Any CPU.ActiveCfg = Debug|Any CPU
		{FE7974DF-76E9-47BE-BDF0-005F65C8DB2E}.Debug|Any CPU.Build.0 = Debug|Any CPU
		{FE7974DF-76E9-47BE-BDF0-005F65C8DB2E}.Debug|x64.ActiveCfg = Debug|x64
		{FE7974DF-76E9-47BE-BDF0-005F65C8DB2E}.Debug|x64.Build.0 = Debug|x64
		{FE7974DF-76E9-47BE-BDF0-005F65C8DB2E}.Release|Any CPU.ActiveCfg = Release|Any CPU
		{FE7974DF-76E9-47BE-BDF0-005F65C8DB2E}.Release|Any CPU.Build.0 = Release|Any CPU
		{FE7974DF-76E9-47BE-BDF0-005F65C8DB2E}.Release|x64.ActiveCfg = Release|x64
		{FE7974DF-76E9-47BE-BDF0-005F65C8DB2E}.Release|x64.Build.0 = Release|x64
		{3333F675-189E-41A1-AF26-958D893EE9C8}.Debug|Any CPU.ActiveCfg = Debug|Any CPU
		{3333F675-189E-41A1-AF26-958D893EE9C8}.Debug|Any CPU.Build.0 = Debug|Any CPU
		{3333F675-189E-41A1-AF26-958D893EE9C8}.Debug|x64.ActiveCfg = Debug|x64
		{3333F675-189E-41A1-AF26-958D893EE9C8}.Debug|x64.Build.0 = Debug|x64
		{3333F675-189E-41A1-AF26-958D893EE9C8}.Release|Any CPU.ActiveCfg = Release|Any CPU
		{3333F675-189E-41A1-AF26-958D893EE9C8}.Release|Any CPU.Build.0 = Release|Any CPU
		{3333F675-189E-41A1-AF26-958D893EE9C8}.Release|x64.ActiveCfg = Release|x64
		{3333F675-189E-41A1-AF26-958D893EE9C8}.Release|x64.Build.0 = Release|x64
		{F54380B6-0C93-4AEF-8497-F3354808C1FB}.Debug|Any CPU.ActiveCfg = Debug|Any CPU
		{F54380B6-0C93-4AEF-8497-F3354808C1FB}.Debug|Any CPU.Build.0 = Debug|Any CPU
		{F54380B6-0C93-4AEF-8497-F3354808C1FB}.Debug|x64.ActiveCfg = Debug|x64
		{F54380B6-0C93-4AEF-8497-F3354808C1FB}.Debug|x64.Build.0 = Debug|x64
		{F54380B6-0C93-4AEF-8497-F3354808C1FB}.Release|Any CPU.ActiveCfg = Release|Any CPU
		{F54380B6-0C93-4AEF-8497-F3354808C1FB}.Release|Any CPU.Build.0 = Release|Any CPU
		{F54380B6-0C93-4AEF-8497-F3354808C1FB}.Release|x64.ActiveCfg = Release|x64
		{F54380B6-0C93-4AEF-8497-F3354808C1FB}.Release|x64.Build.0 = Release|x64
		{4FDBFE73-AE82-470F-ABF6-05B181CC7E4A}.Debug|Any CPU.ActiveCfg = Debug|Any CPU
		{4FDBFE73-AE82-470F-ABF6-05B181CC7E4A}.Debug|Any CPU.Build.0 = Debug|Any CPU
		{4FDBFE73-AE82-470F-ABF6-05B181CC7E4A}.Debug|x64.ActiveCfg = Debug|x64
		{4FDBFE73-AE82-470F-ABF6-05B181CC7E4A}.Debug|x64.Build.0 = Debug|x64
		{4FDBFE73-AE82-470F-ABF6-05B181CC7E4A}.Release|Any CPU.ActiveCfg = Release|Any CPU
		{4FDBFE73-AE82-470F-ABF6-05B181CC7E4A}.Release|Any CPU.Build.0 = Release|Any CPU
		{4FDBFE73-AE82-470F-ABF6-05B181CC7E4A}.Release|x64.ActiveCfg = Release|x64
		{4FDBFE73-AE82-470F-ABF6-05B181CC7E4A}.Release|x64.Build.0 = Release|x64
	EndGlobalSection
	GlobalSection(SolutionProperties) = preSolution
		HideSolutionNode = FALSE
	EndGlobalSection
	GlobalSection(ExtensibilityGlobals) = postSolution
		SolutionGuid = {CD96078A-A871-490B-B836-4AF95E57BC86}
	EndGlobalSection
EndGlobal
