
Microsoft Visual Studio Solution File, Format Version 12.00
# Visual Studio Version 17
VisualStudioVersion = 17.8.34316.72
MinimumVisualStudioVersion = 10.0.40219.1
Project("{FAE04EC0-301F-11D3-BF4B-00C04F79EFBC}") = "UnzipUnlinkGUI", "UnzipUnlinkGUI\UnzipUnlinkGUI.csproj", "{614F02FE-4C9E-4A04-A818-BD04BCA723B3}"
EndProject
Project("{FAE04EC0-301F-11D3-BF4B-00C04F79EFBC}") = "Unzip_Unlink", "Unzip_Unlink\Unzip_Unlink.csproj", "{87489E42-B97F-447B-BDE4-735681757356}"
EndProject
Project("{FAE04EC0-301F-11D3-BF4B-00C04F79EFBC}") = "UnzipClass", "UnzipClass\UnzipClass.csproj", "{F68AE4D0-DA47-41BB-9A0C-76E7B660F55F}"
EndProject
Project("{FAE04EC0-301F-11D3-BF4B-00C04F79EFBC}") = "NewFrameOfReferenceClass", "NewFrameOfReferenceClass\NewFrameOfReferenceClass.csproj", "{EFD1A4E1-8594-4464-9743-2366187CAE9F}"
EndProject
Project("{FAE04EC0-301F-11D3-BF4B-00C04F79EFBC}") = "FolderWatcher", "FolderWatcher\FolderWatcher.csproj", "{1AB69A9D-D6ED-40FF-BE0D-08CF31736B3D}"
EndProject
Global
	GlobalSection(SolutionConfigurationPlatforms) = preSolution
		Debug|Any CPU = Debug|Any CPU
		Debug|x64 = Debug|x64
		Release|Any CPU = Release|Any CPU
		Release|x64 = Release|x64
	EndGlobalSection
	GlobalSection(ProjectConfigurationPlatforms) = postSolution
		{614F02FE-4C9E-4A04-A818-BD04BCA723B3}.Debug|Any CPU.ActiveCfg = Debug|x64
		{614F02FE-4C9E-4A04-A818-BD04BCA723B3}.Debug|Any CPU.Build.0 = Debug|x64
		{614F02FE-4C9E-4A04-A818-BD04BCA723B3}.Debug|x64.ActiveCfg = Debug|x64
		{614F02FE-4C9E-4A04-A818-BD04BCA723B3}.Debug|x64.Build.0 = Debug|x64
		{614F02FE-4C9E-4A04-A818-BD04BCA723B3}.Release|Any CPU.ActiveCfg = Release|Any CPU
		{614F02FE-4C9E-4A04-A818-BD04BCA723B3}.Release|Any CPU.Build.0 = Release|Any CPU
		{614F02FE-4C9E-4A04-A818-BD04BCA723B3}.Release|x64.ActiveCfg = Release|x64
		{614F02FE-4C9E-4A04-A818-BD04BCA723B3}.Release|x64.Build.0 = Release|x64
		{87489E42-B97F-447B-BDE4-735681757356}.Debug|Any CPU.ActiveCfg = Debug|x64
		{87489E42-B97F-447B-BDE4-735681757356}.Debug|Any CPU.Build.0 = Debug|x64
		{87489E42-B97F-447B-BDE4-735681757356}.Debug|x64.ActiveCfg = Debug|x64
		{87489E42-B97F-447B-BDE4-735681757356}.Debug|x64.Build.0 = Debug|x64
		{87489E42-B97F-447B-BDE4-735681757356}.Release|Any CPU.ActiveCfg = Release|Any CPU
		{87489E42-B97F-447B-BDE4-735681757356}.Release|Any CPU.Build.0 = Release|Any CPU
		{87489E42-B97F-447B-BDE4-735681757356}.Release|x64.ActiveCfg = Release|x64
		{87489E42-B97F-447B-BDE4-735681757356}.Release|x64.Build.0 = Release|x64
		{F68AE4D0-DA47-41BB-9A0C-76E7B660F55F}.Debug|Any CPU.ActiveCfg = Debug|x64
		{F68AE4D0-DA47-41BB-9A0C-76E7B660F55F}.Debug|Any CPU.Build.0 = Debug|x64
		{F68AE4D0-DA47-41BB-9A0C-76E7B660F55F}.Debug|x64.ActiveCfg = Debug|x64
		{F68AE4D0-DA47-41BB-9A0C-76E7B660F55F}.Debug|x64.Build.0 = Debug|x64
		{F68AE4D0-DA47-41BB-9A0C-76E7B660F55F}.Release|Any CPU.ActiveCfg = Release|Any CPU
		{F68AE4D0-DA47-41BB-9A0C-76E7B660F55F}.Release|Any CPU.Build.0 = Release|Any CPU
		{F68AE4D0-DA47-41BB-9A0C-76E7B660F55F}.Release|x64.ActiveCfg = Release|x64
		{F68AE4D0-DA47-41BB-9A0C-76E7B660F55F}.Release|x64.Build.0 = Release|x64
		{EFD1A4E1-8594-4464-9743-2366187CAE9F}.Debug|Any CPU.ActiveCfg = Debug|x64
		{EFD1A4E1-8594-4464-9743-2366187CAE9F}.Debug|Any CPU.Build.0 = Debug|x64
		{EFD1A4E1-8594-4464-9743-2366187CAE9F}.Debug|x64.ActiveCfg = Debug|x64
		{EFD1A4E1-8594-4464-9743-2366187CAE9F}.Debug|x64.Build.0 = Debug|x64
		{EFD1A4E1-8594-4464-9743-2366187CAE9F}.Release|Any CPU.ActiveCfg = Release|Any CPU
		{EFD1A4E1-8594-4464-9743-2366187CAE9F}.Release|Any CPU.Build.0 = Release|Any CPU
		{EFD1A4E1-8594-4464-9743-2366187CAE9F}.Release|x64.ActiveCfg = Release|x64
		{EFD1A4E1-8594-4464-9743-2366187CAE9F}.Release|x64.Build.0 = Release|x64
		{1AB69A9D-D6ED-40FF-BE0D-08CF31736B3D}.Debug|Any CPU.ActiveCfg = Debug|x64
		{1AB69A9D-D6ED-40FF-BE0D-08CF31736B3D}.Debug|Any CPU.Build.0 = Debug|x64
		{1AB69A9D-D6ED-40FF-BE0D-08CF31736B3D}.Debug|x64.ActiveCfg = Debug|x64
		{1AB69A9D-D6ED-40FF-BE0D-08CF31736B3D}.Debug|x64.Build.0 = Debug|x64
		{1AB69A9D-D6ED-40FF-BE0D-08CF31736B3D}.Release|Any CPU.ActiveCfg = Release|Any CPU
		{1AB69A9D-D6ED-40FF-BE0D-08CF31736B3D}.Release|Any CPU.Build.0 = Release|Any CPU
		{1AB69A9D-D6ED-40FF-BE0D-08CF31736B3D}.Release|x64.ActiveCfg = Release|x64
		{1AB69A9D-D6ED-40FF-BE0D-08CF31736B3D}.Release|x64.Build.0 = Release|x64
	EndGlobalSection
	GlobalSection(SolutionProperties) = preSolution
		HideSolutionNode = FALSE
	EndGlobalSection
	GlobalSection(ExtensibilityGlobals) = postSolution
		SolutionGuid = {45A9FF82-FACD-47AA-AA78-257078745DF9}
	EndGlobalSection
EndGlobal
